{
  "name": "trophyhunting",
  "version": "2.0.0",
  "lockfileVersion": 3,
  "requires": true,
  "packages": {
    "": {
      "name": "trophyhunting",
      "version": "2.0.0",
      "dependencies": {
        "psn-api": "^2.18.1"
      }
    },
    "node_modules/psn-api": {
      "version": "2.18.1",
      "resolved": "https://registry.npmjs.org/psn-api/-/psn-api-2.18.1.tgz",
      "integrity": "sha512-D0oVrJK+hVwJFARp2Io/auqJwjRx2t7x4Cke7mYNFbrOUQxSBONl0fHr4eVK5Bai89RNyaAsLPLFmgIw9pxzmQ==",
      "engines": {
        "node": ">=20",
        "pnpm": ">=10"
      }
    }
  }
}
